
Microsoft Visual Studio Solution File, Format Version 12.00
# Visual Studio Version 16
VisualStudioVersion = 16.0.30225.117
MinimumVisualStudioVersion = 10.0.40219.1
Project("{FAE04EC0-301F-11D3-BF4B-00C04F79EFBC}") = "FileOrganizer", "FileOrganizer\FileOrganizer.csproj", "{ADF659AE-6BC3-4E74-856F-381A1A07608C}"
EndProject
Global
	GlobalSection(SolutionConfigurationPlatforms) = preSolution
		Debug|Any CPU = Debug|Any CPU
		Release|Any CPU = Release|Any CPU
	EndGlobalSection
	GlobalSection(ProjectConfigurationPlatforms) = postSolution
		{ADF659AE-6BC3-4E74-856F-381A1A07608C}.Debug|Any CPU.ActiveCfg = Debug|Any CPU
		{ADF659AE-6BC3-4E74-856F-381A1A07608C}.Debug|Any CPU.Build.0 = Debug|Any CPU
		{ADF659AE-6BC3-4E74-856F-381A1A07608C}.Release|Any CPU.ActiveCfg = Release|Any CPU
		{ADF659AE-6BC3-4E74-856F-381A1A07608C}.Release|Any CPU.Build.0 = Release|Any CPU
	EndGlobalSection
	GlobalSection(SolutionProperties) = preSolution
		HideSolutionNode = FALSE
	EndGlobalSection
	GlobalSection(ExtensibilityGlobals) = postSolution
		SolutionGuid = {C74DC79F-6200-4330-A335-24419E6C80BC}
	EndGlobalSection
EndGlobal
